// !$*UTF8*$!
{
	archiveVersion = 1;
	classes = {
	};
	objectVersion = 46;
	objects = {

/* Begin PBXBuildFile section */
		1D6A0BAB153879CB0073BDEF /* ConfigScreen.m in Sources */ = {isa = PBXBuildFile; fileRef = 1D6A0BAA153879CB0073BDEF /* ConfigScreen.m */; };
		1D6A0BB315387C130073BDEF /* ConfigScreen_iPhone.m in Sources */ = {isa = PBXBuildFile; fileRef = 1D6A0BB115387C130073BDEF /* ConfigScreen_iPhone.m */; };
		1D6A0BB415387C130073BDEF /* ConfigScreen_iPhone.xib in Resources */ = {isa = PBXBuildFile; fileRef = 1D6A0BB215387C130073BDEF /* ConfigScreen_iPhone.xib */; };
		BF1831A6144E34B10024D841 /* MTHWeather.m in Sources */ = {isa = PBXBuildFile; fileRef = BF1831A5144E34B10024D841 /* MTHWeather.m */; };
		BF1831A9144E36480024D841 /* MTHForecast.m in Sources */ = {isa = PBXBuildFile; fileRef = BF1831A8144E36480024D841 /* MTHForecast.m */; };
		BF1831AC144E37860024D841 /* MTHWeatherFactory.m in Sources */ = {isa = PBXBuildFile; fileRef = BF1831AB144E37860024D841 /* MTHWeatherFactory.m */; };
		BF1831AF144E3A700024D841 /* HSUStack.m in Sources */ = {isa = PBXBuildFile; fileRef = BF1831AE144E3A700024D841 /* HSUStack.m */; };
		BF34E97414783FB2008E7931 /* MTHAlarm.m in Sources */ = {isa = PBXBuildFile; fileRef = BF34E97314783FB2008E7931 /* MTHAlarm.m */; };
		BF6FBFF215378C1300521F73 /* AVFoundation.framework in Frameworks */ = {isa = PBXBuildFile; fileRef = BF6FBFF115378C1300521F73 /* AVFoundation.framework */; };
		BF6FBFF615378CB800521F73 /* alarm1.mp3 in Resources */ = {isa = PBXBuildFile; fileRef = BF6FBFF515378CB800521F73 /* alarm1.mp3 */; };
		BF6FBFF8153796FE00521F73 /* alarm2.mp3 in Resources */ = {isa = PBXBuildFile; fileRef = BF6FBFF7153796FE00521F73 /* alarm2.mp3 */; };
		BF9A7F4A145245520078D981 /* ConfigScreen_iPad.m in Sources */ = {isa = PBXBuildFile; fileRef = BF9A7F48145245520078D981 /* ConfigScreen_iPad.m */; };
		BF9A7F4B145245520078D981 /* ConfigScreen_iPad.xib in Resources */ = {isa = PBXBuildFile; fileRef = BF9A7F49145245520078D981 /* ConfigScreen_iPad.xib */; };
		BFBF9556144A22CE00F64ECB /* MediaPlayer.framework in Frameworks */ = {isa = PBXBuildFile; fileRef = BFBF9555144A22CE00F64ECB /* MediaPlayer.framework */; };
		BFBF955E144A27BA00F64ECB /* NextButton.png in Resources */ = {isa = PBXBuildFile; fileRef = BFBF9559144A27BA00F64ECB /* NextButton.png */; };
		BFBF955F144A27BA00F64ECB /* noArtworkImage.png in Resources */ = {isa = PBXBuildFile; fileRef = BFBF955A144A27BA00F64ECB /* noArtworkImage.png */; };
		BFBF9560144A27BA00F64ECB /* pauseButton.png in Resources */ = {isa = PBXBuildFile; fileRef = BFBF955B144A27BA00F64ECB /* pauseButton.png */; };
		BFBF9561144A27BA00F64ECB /* playButton.png in Resources */ = {isa = PBXBuildFile; fileRef = BFBF955C144A27BA00F64ECB /* playButton.png */; };
		BFBF9562144A27BA00F64ECB /* PreviousButton.png in Resources */ = {isa = PBXBuildFile; fileRef = BFBF955D144A27BA00F64ECB /* PreviousButton.png */; };
		BFCC6F22143795CF008C60EF /* UIKit.framework in Frameworks */ = {isa = PBXBuildFile; fileRef = BFCC6F21143795CF008C60EF /* UIKit.framework */; };
		BFCC6F24143795D0008C60EF /* Foundation.framework in Frameworks */ = {isa = PBXBuildFile; fileRef = BFCC6F23143795CF008C60EF /* Foundation.framework */; };
		BFCC6F26143795D0008C60EF /* CoreGraphics.framework in Frameworks */ = {isa = PBXBuildFile; fileRef = BFCC6F25143795D0008C60EF /* CoreGraphics.framework */; };
		BFCC6F2C143795D0008C60EF /* InfoPlist.strings in Resources */ = {isa = PBXBuildFile; fileRef = BFCC6F2A143795D0008C60EF /* InfoPlist.strings */; };
		BFCC6F2E143795D0008C60EF /* main.m in Sources */ = {isa = PBXBuildFile; fileRef = BFCC6F2D143795D0008C60EF /* main.m */; };
		BFCC6F32143795D0008C60EF /* SingMeToSleepAppDelegate.m in Sources */ = {isa = PBXBuildFile; fileRef = BFCC6F31143795D0008C60EF /* SingMeToSleepAppDelegate.m */; };
		BFCC6F36143795D0008C60EF /* SingMeToSleepAppDelegate_iPhone.m in Sources */ = {isa = PBXBuildFile; fileRef = BFCC6F35143795D0008C60EF /* SingMeToSleepAppDelegate_iPhone.m */; };
		BFCC6F39143795D0008C60EF /* MainWindow_iPhone.xib in Resources */ = {isa = PBXBuildFile; fileRef = BFCC6F37143795D0008C60EF /* MainWindow_iPhone.xib */; };
		BFCC6F3D143795D0008C60EF /* SingMeToSleepAppDelegate_iPad.m in Sources */ = {isa = PBXBuildFile; fileRef = BFCC6F3C143795D0008C60EF /* SingMeToSleepAppDelegate_iPad.m */; };
		BFCC6F40143795D0008C60EF /* MainWindow_iPad.xib in Resources */ = {isa = PBXBuildFile; fileRef = BFCC6F3E143795D0008C60EF /* MainWindow_iPad.xib */; };
		BFCC6F48143795D0008C60EF /* SenTestingKit.framework in Frameworks */ = {isa = PBXBuildFile; fileRef = BFCC6F47143795D0008C60EF /* SenTestingKit.framework */; };
		BFCC6F49143795D0008C60EF /* UIKit.framework in Frameworks */ = {isa = PBXBuildFile; fileRef = BFCC6F21143795CF008C60EF /* UIKit.framework */; };
		BFCC6F4A143795D0008C60EF /* Foundation.framework in Frameworks */ = {isa = PBXBuildFile; fileRef = BFCC6F23143795CF008C60EF /* Foundation.framework */; };
		BFCC6F4B143795D0008C60EF /* CoreGraphics.framework in Frameworks */ = {isa = PBXBuildFile; fileRef = BFCC6F25143795D0008C60EF /* CoreGraphics.framework */; };
		BFCC6F53143795D0008C60EF /* InfoPlist.strings in Resources */ = {isa = PBXBuildFile; fileRef = BFCC6F51143795D0008C60EF /* InfoPlist.strings */; };
		BFCC6F55143795D0008C60EF /* SingMeToSleepTests.h in Resources */ = {isa = PBXBuildFile; fileRef = BFCC6F54143795D0008C60EF /* SingMeToSleepTests.h */; };
		BFCC6F57143795D0008C60EF /* SingMeToSleepTests.m in Sources */ = {isa = PBXBuildFile; fileRef = BFCC6F56143795D0008C60EF /* SingMeToSleepTests.m */; };
		BFCC6F671437B75E008C60EF /* MTHNumber.m in Sources */ = {isa = PBXBuildFile; fileRef = BFCC6F661437B75E008C60EF /* MTHNumber.m */; };
		BFF108451437F78E00E1850C /* ClockController.m in Sources */ = {isa = PBXBuildFile; fileRef = BFF108441437F78E00E1850C /* ClockController.m */; };
		BFF1084A1437F7BE00E1850C /* ClockController_iphone.m in Sources */ = {isa = PBXBuildFile; fileRef = BFF108481437F7BE00E1850C /* ClockController_iphone.m */; };
		BFF1084B1437F7BE00E1850C /* ClockController_iphone.xib in Resources */ = {isa = PBXBuildFile; fileRef = BFF108491437F7BE00E1850C /* ClockController_iphone.xib */; };
		BFF1084F1437F88C00E1850C /* ClockController_ipad.m in Sources */ = {isa = PBXBuildFile; fileRef = BFF1084D1437F88B00E1850C /* ClockController_ipad.m */; };
		BFF108501437F88C00E1850C /* ClockController_ipad.xib in Resources */ = {isa = PBXBuildFile; fileRef = BFF1084E1437F88C00E1850C /* ClockController_ipad.xib */; };
/* End PBXBuildFile section */

/* Begin PBXContainerItemProxy section */
		BFCC6F4C143795D0008C60EF /* PBXContainerItemProxy */ = {
			isa = PBXContainerItemProxy;
			containerPortal = BFCC6F14143795CF008C60EF /* Project object */;
			proxyType = 1;
			remoteGlobalIDString = BFCC6F1C143795CF008C60EF;
			remoteInfo = SingMeToSleep;
		};
/* End PBXContainerItemProxy section */

/* Begin PBXFileReference section */
		1D6A0BA9153879CB0073BDEF /* ConfigScreen.h */ = {isa = PBXFileReference; fileEncoding = 4; lastKnownFileType = sourcecode.c.h; path = ConfigScreen.h; sourceTree = "<group>"; };
		1D6A0BAA153879CB0073BDEF /* ConfigScreen.m */ = {isa = PBXFileReference; fileEncoding = 4; lastKnownFileType = sourcecode.c.objc; path = ConfigScreen.m; sourceTree = "<group>"; };
		1D6A0BB015387C130073BDEF /* ConfigScreen_iPhone.h */ = {isa = PBXFileReference; fileEncoding = 4; lastKnownFileType = sourcecode.c.h; path = ConfigScreen_iPhone.h; sourceTree = "<group>"; };
		1D6A0BB115387C130073BDEF /* ConfigScreen_iPhone.m */ = {isa = PBXFileReference; fileEncoding = 4; lastKnownFileType = sourcecode.c.objc; path = ConfigScreen_iPhone.m; sourceTree = "<group>"; };
		1D6A0BB215387C130073BDEF /* ConfigScreen_iPhone.xib */ = {isa = PBXFileReference; fileEncoding = 4; lastKnownFileType = file.xib; path = ConfigScreen_iPhone.xib; sourceTree = "<group>"; };
		BF1831A4144E34B10024D841 /* MTHWeather.h */ = {isa = PBXFileReference; fileEncoding = 4; lastKnownFileType = sourcecode.c.h; path = MTHWeather.h; sourceTree = "<group>"; };
		BF1831A5144E34B10024D841 /* MTHWeather.m */ = {isa = PBXFileReference; fileEncoding = 4; lastKnownFileType = sourcecode.c.objc; path = MTHWeather.m; sourceTree = "<group>"; };
		BF1831A7144E36480024D841 /* MTHForecast.h */ = {isa = PBXFileReference; fileEncoding = 4; lastKnownFileType = sourcecode.c.h; path = MTHForecast.h; sourceTree = "<group>"; };
		BF1831A8144E36480024D841 /* MTHForecast.m */ = {isa = PBXFileReference; fileEncoding = 4; lastKnownFileType = sourcecode.c.objc; path = MTHForecast.m; sourceTree = "<group>"; };
		BF1831AA144E37860024D841 /* MTHWeatherFactory.h */ = {isa = PBXFileReference; fileEncoding = 4; lastKnownFileType = sourcecode.c.h; path = MTHWeatherFactory.h; sourceTree = "<group>"; };
		BF1831AB144E37860024D841 /* MTHWeatherFactory.m */ = {isa = PBXFileReference; fileEncoding = 4; lastKnownFileType = sourcecode.c.objc; path = MTHWeatherFactory.m; sourceTree = "<group>"; };
		BF1831AD144E3A700024D841 /* HSUStack.h */ = {isa = PBXFileReference; fileEncoding = 4; lastKnownFileType = sourcecode.c.h; path = HSUStack.h; sourceTree = "<group>"; };
		BF1831AE144E3A700024D841 /* HSUStack.m */ = {isa = PBXFileReference; fileEncoding = 4; lastKnownFileType = sourcecode.c.objc; path = HSUStack.m; sourceTree = "<group>"; };
		BF34E97214783FB2008E7931 /* MTHAlarm.h */ = {isa = PBXFileReference; fileEncoding = 4; lastKnownFileType = sourcecode.c.h; path = MTHAlarm.h; sourceTree = "<group>"; };
		BF34E97314783FB2008E7931 /* MTHAlarm.m */ = {isa = PBXFileReference; fileEncoding = 4; lastKnownFileType = sourcecode.c.objc; path = MTHAlarm.m; sourceTree = "<group>"; };
		BF6FBFF115378C1300521F73 /* AVFoundation.framework */ = {isa = PBXFileReference; lastKnownFileType = wrapper.framework; name = AVFoundation.framework; path = System/Library/Frameworks/AVFoundation.framework; sourceTree = SDKROOT; };
		BF6FBFF515378CB800521F73 /* alarm1.mp3 */ = {isa = PBXFileReference; lastKnownFileType = audio.mp3; path = alarm1.mp3; sourceTree = "<group>"; };
		BF6FBFF7153796FE00521F73 /* alarm2.mp3 */ = {isa = PBXFileReference; lastKnownFileType = audio.mp3; path = alarm2.mp3; sourceTree = "<group>"; };
		BF9A7F45145243C60078D981 /* DataChanged.h */ = {isa = PBXFileReference; fileEncoding = 4; lastKnownFileType = sourcecode.c.h; path = DataChanged.h; sourceTree = "<group>"; };
		BF9A7F47145245520078D981 /* ConfigScreen_iPad.h */ = {isa = PBXFileReference; fileEncoding = 4; lastKnownFileType = sourcecode.c.h; path = ConfigScreen_iPad.h; sourceTree = "<group>"; };
		BF9A7F48145245520078D981 /* ConfigScreen_iPad.m */ = {isa = PBXFileReference; fileEncoding = 4; lastKnownFileType = sourcecode.c.objc; path = ConfigScreen_iPad.m; sourceTree = "<group>"; };
		BF9A7F49145245520078D981 /* ConfigScreen_iPad.xib */ = {isa = PBXFileReference; fileEncoding = 4; lastKnownFileType = file.xib; path = ConfigScreen_iPad.xib; sourceTree = "<group>"; };
		BFBF9555144A22CE00F64ECB /* MediaPlayer.framework */ = {isa = PBXFileReference; lastKnownFileType = wrapper.framework; name = MediaPlayer.framework; path = System/Library/Frameworks/MediaPlayer.framework; sourceTree = SDKROOT; };
		BFBF9559144A27BA00F64ECB /* NextButton.png */ = {isa = PBXFileReference; lastKnownFileType = image.png; path = NextButton.png; sourceTree = "<group>"; };
		BFBF955A144A27BA00F64ECB /* noArtworkImage.png */ = {isa = PBXFileReference; lastKnownFileType = image.png; path = noArtworkImage.png; sourceTree = "<group>"; };
		BFBF955B144A27BA00F64ECB /* pauseButton.png */ = {isa = PBXFileReference; lastKnownFileType = image.png; path = pauseButton.png; sourceTree = "<group>"; };
		BFBF955C144A27BA00F64ECB /* playButton.png */ = {isa = PBXFileReference; lastKnownFileType = image.png; path = playButton.png; sourceTree = "<group>"; };
		BFBF955D144A27BA00F64ECB /* PreviousButton.png */ = {isa = PBXFileReference; lastKnownFileType = image.png; path = PreviousButton.png; sourceTree = "<group>"; };
		BFCC6F1D143795CF008C60EF /* SingMeToSleep.app */ = {isa = PBXFileReference; explicitFileType = wrapper.application; includeInIndex = 0; path = SingMeToSleep.app; sourceTree = BUILT_PRODUCTS_DIR; };
		BFCC6F21143795CF008C60EF /* UIKit.framework */ = {isa = PBXFileReference; lastKnownFileType = wrapper.framework; name = UIKit.framework; path = System/Library/Frameworks/UIKit.framework; sourceTree = SDKROOT; };
		BFCC6F23143795CF008C60EF /* Foundation.framework */ = {isa = PBXFileReference; lastKnownFileType = wrapper.framework; name = Foundation.framework; path = System/Library/Frameworks/Foundation.framework; sourceTree = SDKROOT; };
		BFCC6F25143795D0008C60EF /* CoreGraphics.framework */ = {isa = PBXFileReference; lastKnownFileType = wrapper.framework; name = CoreGraphics.framework; path = System/Library/Frameworks/CoreGraphics.framework; sourceTree = SDKROOT; };
		BFCC6F29143795D0008C60EF /* SingMeToSleep-Info.plist */ = {isa = PBXFileReference; lastKnownFileType = text.plist.xml; path = "SingMeToSleep-Info.plist"; sourceTree = "<group>"; };
		BFCC6F2B143795D0008C60EF /* en */ = {isa = PBXFileReference; lastKnownFileType = text.plist.strings; name = en; path = en.lproj/InfoPlist.strings; sourceTree = "<group>"; };
		BFCC6F2D143795D0008C60EF /* main.m */ = {isa = PBXFileReference; lastKnownFileType = sourcecode.c.objc; path = main.m; sourceTree = "<group>"; };
		BFCC6F2F143795D0008C60EF /* SingMeToSleep-Prefix.pch */ = {isa = PBXFileReference; lastKnownFileType = sourcecode.c.h; path = "SingMeToSleep-Prefix.pch"; sourceTree = "<group>"; };
		BFCC6F30143795D0008C60EF /* SingMeToSleepAppDelegate.h */ = {isa = PBXFileReference; lastKnownFileType = sourcecode.c.h; path = SingMeToSleepAppDelegate.h; sourceTree = "<group>"; };
		BFCC6F31143795D0008C60EF /* SingMeToSleepAppDelegate.m */ = {isa = PBXFileReference; lastKnownFileType = sourcecode.c.objc; path = SingMeToSleepAppDelegate.m; sourceTree = "<group>"; };
		BFCC6F34143795D0008C60EF /* SingMeToSleepAppDelegate_iPhone.h */ = {isa = PBXFileReference; lastKnownFileType = sourcecode.c.h; name = SingMeToSleepAppDelegate_iPhone.h; path = iPhone/SingMeToSleepAppDelegate_iPhone.h; sourceTree = "<group>"; };
		BFCC6F35143795D0008C60EF /* SingMeToSleepAppDelegate_iPhone.m */ = {isa = PBXFileReference; lastKnownFileType = sourcecode.c.objc; name = SingMeToSleepAppDelegate_iPhone.m; path = iPhone/SingMeToSleepAppDelegate_iPhone.m; sourceTree = "<group>"; };
		BFCC6F38143795D0008C60EF /* en */ = {isa = PBXFileReference; lastKnownFileType = file.xib; name = en; path = iPhone/en.lproj/MainWindow_iPhone.xib; sourceTree = "<group>"; };
		BFCC6F3B143795D0008C60EF /* SingMeToSleepAppDelegate_iPad.h */ = {isa = PBXFileReference; lastKnownFileType = sourcecode.c.h; name = SingMeToSleepAppDelegate_iPad.h; path = iPad/SingMeToSleepAppDelegate_iPad.h; sourceTree = "<group>"; };
		BFCC6F3C143795D0008C60EF /* SingMeToSleepAppDelegate_iPad.m */ = {isa = PBXFileReference; lastKnownFileType = sourcecode.c.objc; name = SingMeToSleepAppDelegate_iPad.m; path = iPad/SingMeToSleepAppDelegate_iPad.m; sourceTree = "<group>"; };
		BFCC6F3F143795D0008C60EF /* en */ = {isa = PBXFileReference; lastKnownFileType = file.xib; name = en; path = iPad/en.lproj/MainWindow_iPad.xib; sourceTree = "<group>"; };
		BFCC6F46143795D0008C60EF /* SingMeToSleepTests.octest */ = {isa = PBXFileReference; explicitFileType = wrapper.cfbundle; includeInIndex = 0; path = SingMeToSleepTests.octest; sourceTree = BUILT_PRODUCTS_DIR; };
		BFCC6F47143795D0008C60EF /* SenTestingKit.framework */ = {isa = PBXFileReference; lastKnownFileType = wrapper.framework; name = SenTestingKit.framework; path = Library/Frameworks/SenTestingKit.framework; sourceTree = DEVELOPER_DIR; };
		BFCC6F50143795D0008C60EF /* SingMeToSleepTests-Info.plist */ = {isa = PBXFileReference; lastKnownFileType = text.plist.xml; path = "SingMeToSleepTests-Info.plist"; sourceTree = "<group>"; };
		BFCC6F52143795D0008C60EF /* en */ = {isa = PBXFileReference; lastKnownFileType = text.plist.strings; name = en; path = en.lproj/InfoPlist.strings; sourceTree = "<group>"; };
		BFCC6F54143795D0008C60EF /* SingMeToSleepTests.h */ = {isa = PBXFileReference; lastKnownFileType = sourcecode.c.h; path = SingMeToSleepTests.h; sourceTree = "<group>"; };
		BFCC6F56143795D0008C60EF /* SingMeToSleepTests.m */ = {isa = PBXFileReference; lastKnownFileType = sourcecode.c.objc; path = SingMeToSleepTests.m; sourceTree = "<group>"; };
		BFCC6F651437B75E008C60EF /* MTHNumber.h */ = {isa = PBXFileReference; fileEncoding = 4; lastKnownFileType = sourcecode.c.h; path = MTHNumber.h; sourceTree = "<group>"; };
		BFCC6F661437B75E008C60EF /* MTHNumber.m */ = {isa = PBXFileReference; fileEncoding = 4; lastKnownFileType = sourcecode.c.objc; path = MTHNumber.m; sourceTree = "<group>"; };
		BFF108431437F78E00E1850C /* ClockController.h */ = {isa = PBXFileReference; fileEncoding = 4; lastKnownFileType = sourcecode.c.h; path = ClockController.h; sourceTree = "<group>"; };
		BFF108441437F78E00E1850C /* ClockController.m */ = {isa = PBXFileReference; fileEncoding = 4; lastKnownFileType = sourcecode.c.objc; path = ClockController.m; sourceTree = "<group>"; };
		BFF108471437F7BE00E1850C /* ClockController_iphone.h */ = {isa = PBXFileReference; fileEncoding = 4; lastKnownFileType = sourcecode.c.h; path = ClockController_iphone.h; sourceTree = "<group>"; };
		BFF108481437F7BE00E1850C /* ClockController_iphone.m */ = {isa = PBXFileReference; fileEncoding = 4; lastKnownFileType = sourcecode.c.objc; path = ClockController_iphone.m; sourceTree = "<group>"; };
		BFF108491437F7BE00E1850C /* ClockController_iphone.xib */ = {isa = PBXFileReference; fileEncoding = 4; lastKnownFileType = file.xib; path = ClockController_iphone.xib; sourceTree = "<group>"; };
		BFF1084C1437F88B00E1850C /* ClockController_ipad.h */ = {isa = PBXFileReference; fileEncoding = 4; lastKnownFileType = sourcecode.c.h; path = ClockController_ipad.h; sourceTree = "<group>"; };
		BFF1084D1437F88B00E1850C /* ClockController_ipad.m */ = {isa = PBXFileReference; fileEncoding = 4; lastKnownFileType = sourcecode.c.objc; path = ClockController_ipad.m; sourceTree = "<group>"; };
		BFF1084E1437F88C00E1850C /* ClockController_ipad.xib */ = {isa = PBXFileReference; fileEncoding = 4; lastKnownFileType = file.xib; path = ClockController_ipad.xib; sourceTree = "<group>"; };
/* End PBXFileReference section */

/* Begin PBXFrameworksBuildPhase section */
		BFCC6F1A143795CF008C60EF /* Frameworks */ = {
			isa = PBXFrameworksBuildPhase;
			buildActionMask = 2147483647;
			files = (
				BF6FBFF215378C1300521F73 /* AVFoundation.framework in Frameworks */,
				BFBF9556144A22CE00F64ECB /* MediaPlayer.framework in Frameworks */,
				BFCC6F22143795CF008C60EF /* UIKit.framework in Frameworks */,
				BFCC6F24143795D0008C60EF /* Foundation.framework in Frameworks */,
				BFCC6F26143795D0008C60EF /* CoreGraphics.framework in Frameworks */,
			);
			runOnlyForDeploymentPostprocessing = 0;
		};
		BFCC6F42143795D0008C60EF /* Frameworks */ = {
			isa = PBXFrameworksBuildPhase;
			buildActionMask = 2147483647;
			files = (
				BFCC6F48143795D0008C60EF /* SenTestingKit.framework in Frameworks */,
				BFCC6F49143795D0008C60EF /* UIKit.framework in Frameworks */,
				BFCC6F4A143795D0008C60EF /* Foundation.framework in Frameworks */,
				BFCC6F4B143795D0008C60EF /* CoreGraphics.framework in Frameworks */,
			);
			runOnlyForDeploymentPostprocessing = 0;
		};
/* End PBXFrameworksBuildPhase section */

/* Begin PBXGroup section */
		BF6FBFF415378CA700521F73 /* resources */ = {
			isa = PBXGroup;
			children = (
				BF6FBFF515378CB800521F73 /* alarm1.mp3 */,
				BF6FBFF7153796FE00521F73 /* alarm2.mp3 */,
			);
			name = resources;
			sourceTree = "<group>";
		};
		BFBF9558144A278300F64ECB /* Images */ = {
			isa = PBXGroup;
			children = (
				BFBF9559144A27BA00F64ECB /* NextButton.png */,
				BFBF955A144A27BA00F64ECB /* noArtworkImage.png */,
				BFBF955B144A27BA00F64ECB /* pauseButton.png */,
				BFBF955C144A27BA00F64ECB /* playButton.png */,
				BFBF955D144A27BA00F64ECB /* PreviousButton.png */,
			);
			name = Images;
			path = SingMeToSleep;
			sourceTree = "<group>";
		};
		BFCC6F12143795CF008C60EF = {
			isa = PBXGroup;
			children = (
				BF6FBFF115378C1300521F73 /* AVFoundation.framework */,
				BFBF9555144A22CE00F64ECB /* MediaPlayer.framework */,
				BFCC6F27143795D0008C60EF /* SingMeToSleep */,
				BFCC6F4E143795D0008C60EF /* SingMeToSleepTests */,
				BFCC6F20143795CF008C60EF /* Frameworks */,
				BFBF9558144A278300F64ECB /* Images */,
				BFCC6F1E143795CF008C60EF /* Products */,
			);
			sourceTree = "<group>";
		};
		BFCC6F1E143795CF008C60EF /* Products */ = {
			isa = PBXGroup;
			children = (
				BFCC6F1D143795CF008C60EF /* SingMeToSleep.app */,
				BFCC6F46143795D0008C60EF /* SingMeToSleepTests.octest */,
			);
			name = Products;
			sourceTree = "<group>";
		};
		BFCC6F20143795CF008C60EF /* Frameworks */ = {
			isa = PBXGroup;
			children = (
				BFCC6F21143795CF008C60EF /* UIKit.framework */,
				BFCC6F23143795CF008C60EF /* Foundation.framework */,
				BFCC6F25143795D0008C60EF /* CoreGraphics.framework */,
				BFCC6F47143795D0008C60EF /* SenTestingKit.framework */,
			);
			name = Frameworks;
			sourceTree = "<group>";
		};
		BFCC6F27143795D0008C60EF /* SingMeToSleep */ = {
			isa = PBXGroup;
			children = (
				BF6FBFF415378CA700521F73 /* resources */,
				BFCC6F641437B739008C60EF /* modal */,
				BFCC6F30143795D0008C60EF /* SingMeToSleepAppDelegate.h */,
				BFCC6F31143795D0008C60EF /* SingMeToSleepAppDelegate.m */,
				BFF108431437F78E00E1850C /* ClockController.h */,
				BFF108441437F78E00E1850C /* ClockController.m */,
				1D6A0BA9153879CB0073BDEF /* ConfigScreen.h */,
				1D6A0BAA153879CB0073BDEF /* ConfigScreen.m */,
				BFCC6F33143795D0008C60EF /* iPhone */,
				BFCC6F3A143795D0008C60EF /* iPad */,
				BFCC6F28143795D0008C60EF /* Supporting Files */,
				BF9A7F45145243C60078D981 /* DataChanged.h */,
			);
			path = SingMeToSleep;
			sourceTree = "<group>";
		};
		BFCC6F28143795D0008C60EF /* Supporting Files */ = {
			isa = PBXGroup;
			children = (
				BFCC6F29143795D0008C60EF /* SingMeToSleep-Info.plist */,
				BFCC6F2A143795D0008C60EF /* InfoPlist.strings */,
				BFCC6F2D143795D0008C60EF /* main.m */,
				BFCC6F2F143795D0008C60EF /* SingMeToSleep-Prefix.pch */,
			);
			name = "Supporting Files";
			sourceTree = "<group>";
		};
		BFCC6F33143795D0008C60EF /* iPhone */ = {
			isa = PBXGroup;
			children = (
				BFCC6F34143795D0008C60EF /* SingMeToSleepAppDelegate_iPhone.h */,
				BFCC6F35143795D0008C60EF /* SingMeToSleepAppDelegate_iPhone.m */,
				BFCC6F37143795D0008C60EF /* MainWindow_iPhone.xib */,
				BFF108471437F7BE00E1850C /* ClockController_iphone.h */,
				BFF108481437F7BE00E1850C /* ClockController_iphone.m */,
				BFF108491437F7BE00E1850C /* ClockController_iphone.xib */,
				1D6A0BB015387C130073BDEF /* ConfigScreen_iPhone.h */,
				1D6A0BB115387C130073BDEF /* ConfigScreen_iPhone.m */,
				1D6A0BB215387C130073BDEF /* ConfigScreen_iPhone.xib */,
			);
			name = iPhone;
			sourceTree = "<group>";
		};
		BFCC6F3A143795D0008C60EF /* iPad */ = {
			isa = PBXGroup;
			children = (
				BFCC6F3B143795D0008C60EF /* SingMeToSleepAppDelegate_iPad.h */,
				BFCC6F3C143795D0008C60EF /* SingMeToSleepAppDelegate_iPad.m */,
				BFCC6F3E143795D0008C60EF /* MainWindow_iPad.xib */,
				BFF1084C1437F88B00E1850C /* ClockController_ipad.h */,
				BFF1084D1437F88B00E1850C /* ClockController_ipad.m */,
				BFF1084E1437F88C00E1850C /* ClockController_ipad.xib */,
				BF9A7F47145245520078D981 /* ConfigScreen_iPad.h */,
				BF9A7F48145245520078D981 /* ConfigScreen_iPad.m */,
				BF9A7F49145245520078D981 /* ConfigScreen_iPad.xib */,
			);
			name = iPad;
			sourceTree = "<group>";
		};
		BFCC6F4E143795D0008C60EF /* SingMeToSleepTests */ = {
			isa = PBXGroup;
			children = (
				BFCC6F54143795D0008C60EF /* SingMeToSleepTests.h */,
				BFCC6F56143795D0008C60EF /* SingMeToSleepTests.m */,
				BFCC6F4F143795D0008C60EF /* Supporting Files */,
			);
			path = SingMeToSleepTests;
			sourceTree = "<group>";
		};
		BFCC6F4F143795D0008C60EF /* Supporting Files */ = {
			isa = PBXGroup;
			children = (
				BFCC6F50143795D0008C60EF /* SingMeToSleepTests-Info.plist */,
				BFCC6F51143795D0008C60EF /* InfoPlist.strings */,
			);
			name = "Supporting Files";
			sourceTree = "<group>";
		};
		BFCC6F641437B739008C60EF /* modal */ = {
			isa = PBXGroup;
			children = (
				BFCC6F651437B75E008C60EF /* MTHNumber.h */,
				BFCC6F661437B75E008C60EF /* MTHNumber.m */,
				BF1831A4144E34B10024D841 /* MTHWeather.h */,
				BF1831A5144E34B10024D841 /* MTHWeather.m */,
				BF1831A7144E36480024D841 /* MTHForecast.h */,
				BF1831A8144E36480024D841 /* MTHForecast.m */,
				BF1831AA144E37860024D841 /* MTHWeatherFactory.h */,
				BF1831AB144E37860024D841 /* MTHWeatherFactory.m */,
				BF1831AD144E3A700024D841 /* HSUStack.h */,
				BF1831AE144E3A700024D841 /* HSUStack.m */,
				BF34E97214783FB2008E7931 /* MTHAlarm.h */,
				BF34E97314783FB2008E7931 /* MTHAlarm.m */,
			);
			name = modal;
			sourceTree = "<group>";
		};
/* End PBXGroup section */

/* Begin PBXNativeTarget section */
		BFCC6F1C143795CF008C60EF /* SingMeToSleep */ = {
			isa = PBXNativeTarget;
			buildConfigurationList = BFCC6F5A143795D0008C60EF /* Build configuration list for PBXNativeTarget "SingMeToSleep" */;
			buildPhases = (
				BFCC6F19143795CF008C60EF /* Sources */,
				BFCC6F1A143795CF008C60EF /* Frameworks */,
				BFCC6F1B143795CF008C60EF /* Resources */,
			);
			buildRules = (
			);
			dependencies = (
			);
			name = SingMeToSleep;
			productName = SingMeToSleep;
			productReference = BFCC6F1D143795CF008C60EF /* SingMeToSleep.app */;
			productType = "com.apple.product-type.application";
		};
		BFCC6F45143795D0008C60EF /* SingMeToSleepTests */ = {
			isa = PBXNativeTarget;
			buildConfigurationList = BFCC6F5D143795D0008C60EF /* Build configuration list for PBXNativeTarget "SingMeToSleepTests" */;
			buildPhases = (
				BFCC6F41143795D0008C60EF /* Sources */,
				BFCC6F42143795D0008C60EF /* Frameworks */,
				BFCC6F43143795D0008C60EF /* Resources */,
				BFCC6F44143795D0008C60EF /* ShellScript */,
			);
			buildRules = (
			);
			dependencies = (
				BFCC6F4D143795D0008C60EF /* PBXTargetDependency */,
			);
			name = SingMeToSleepTests;
			productName = SingMeToSleepTests;
			productReference = BFCC6F46143795D0008C60EF /* SingMeToSleepTests.octest */;
			productType = "com.apple.product-type.bundle";
		};
/* End PBXNativeTarget section */

/* Begin PBXProject section */
		BFCC6F14143795CF008C60EF /* Project object */ = {
			isa = PBXProject;
			buildConfigurationList = BFCC6F17143795CF008C60EF /* Build configuration list for PBXProject "SingMeToSleep" */;
			compatibilityVersion = "Xcode 3.2";
			developmentRegion = English;
			hasScannedForEncodings = 0;
			knownRegions = (
				en,
			);
			mainGroup = BFCC6F12143795CF008C60EF;
			productRefGroup = BFCC6F1E143795CF008C60EF /* Products */;
			projectDirPath = "";
			projectRoot = "";
			targets = (
				BFCC6F1C143795CF008C60EF /* SingMeToSleep */,
				BFCC6F45143795D0008C60EF /* SingMeToSleepTests */,
			);
		};
/* End PBXProject section */

/* Begin PBXResourcesBuildPhase section */
		BFCC6F1B143795CF008C60EF /* Resources */ = {
			isa = PBXResourcesBuildPhase;
			buildActionMask = 2147483647;
			files = (
				BFCC6F2C143795D0008C60EF /* InfoPlist.strings in Resources */,
				BFCC6F39143795D0008C60EF /* MainWindow_iPhone.xib in Resources */,
				BFCC6F40143795D0008C60EF /* MainWindow_iPad.xib in Resources */,
				BFF1084B1437F7BE00E1850C /* ClockController_iphone.xib in Resources */,
				BFF108501437F88C00E1850C /* ClockController_ipad.xib in Resources */,
				BFBF955E144A27BA00F64ECB /* NextButton.png in Resources */,
				BFBF955F144A27BA00F64ECB /* noArtworkImage.png in Resources */,
				BFBF9560144A27BA00F64ECB /* pauseButton.png in Resources */,
				BFBF9561144A27BA00F64ECB /* playButton.png in Resources */,
				BFBF9562144A27BA00F64ECB /* PreviousButton.png in Resources */,
				BF9A7F4B145245520078D981 /* ConfigScreen_iPad.xib in Resources */,
				BF6FBFF615378CB800521F73 /* alarm1.mp3 in Resources */,
				BF6FBFF8153796FE00521F73 /* alarm2.mp3 in Resources */,
				1D6A0BB415387C130073BDEF /* ConfigScreen_iPhone.xib in Resources */,
			);
			runOnlyForDeploymentPostprocessing = 0;
		};
		BFCC6F43143795D0008C60EF /* Resources */ = {
			isa = PBXResourcesBuildPhase;
			buildActionMask = 2147483647;
			files = (
				BFCC6F53143795D0008C60EF /* InfoPlist.strings in Resources */,
				BFCC6F55143795D0008C60EF /* SingMeToSleepTests.h in Resources */,
			);
			runOnlyForDeploymentPostprocessing = 0;
		};
/* End PBXResourcesBuildPhase section */

/* Begin PBXShellScriptBuildPhase section */
		BFCC6F44143795D0008C60EF /* ShellScript */ = {
			isa = PBXShellScriptBuildPhase;
			buildActionMask = 2147483647;
			files = (
			);
			inputPaths = (
			);
			outputPaths = (
			);
			runOnlyForDeploymentPostprocessing = 0;
			shellPath = /bin/sh;
			shellScript = "# Run the unit tests in this test bundle.\n\"${SYSTEM_DEVELOPER_DIR}/Tools/RunUnitTests\"\n";
		};
/* End PBXShellScriptBuildPhase section */

/* Begin PBXSourcesBuildPhase section */
		BFCC6F19143795CF008C60EF /* Sources */ = {
			isa = PBXSourcesBuildPhase;
			buildActionMask = 2147483647;
			files = (
				BFCC6F2E143795D0008C60EF /* main.m in Sources */,
				BFCC6F32143795D0008C60EF /* SingMeToSleepAppDelegate.m in Sources */,
				BFCC6F36143795D0008C60EF /* SingMeToSleepAppDelegate_iPhone.m in Sources */,
				BFCC6F3D143795D0008C60EF /* SingMeToSleepAppDelegate_iPad.m in Sources */,
				BFCC6F671437B75E008C60EF /* MTHNumber.m in Sources */,
				BFF108451437F78E00E1850C /* ClockController.m in Sources */,
				BFF1084A1437F7BE00E1850C /* ClockController_iphone.m in Sources */,
				BFF1084F1437F88C00E1850C /* ClockController_ipad.m in Sources */,
				BF1831A6144E34B10024D841 /* MTHWeather.m in Sources */,
				BF1831A9144E36480024D841 /* MTHForecast.m in Sources */,
				BF1831AC144E37860024D841 /* MTHWeatherFactory.m in Sources */,
				BF1831AF144E3A700024D841 /* HSUStack.m in Sources */,
				BF9A7F4A145245520078D981 /* ConfigScreen_iPad.m in Sources */,
				BF34E97414783FB2008E7931 /* MTHAlarm.m in Sources */,
				1D6A0BAB153879CB0073BDEF /* ConfigScreen.m in Sources */,
				1D6A0BB315387C130073BDEF /* ConfigScreen_iPhone.m in Sources */,
			);
			runOnlyForDeploymentPostprocessing = 0;
		};
		BFCC6F41143795D0008C60EF /* Sources */ = {
			isa = PBXSourcesBuildPhase;
			buildActionMask = 2147483647;
			files = (
				BFCC6F57143795D0008C60EF /* SingMeToSleepTests.m in Sources */,
			);
			runOnlyForDeploymentPostprocessing = 0;
		};
/* End PBXSourcesBuildPhase section */

/* Begin PBXTargetDependency section */
		BFCC6F4D143795D0008C60EF /* PBXTargetDependency */ = {
			isa = PBXTargetDependency;
			target = BFCC6F1C143795CF008C60EF /* SingMeToSleep */;
			targetProxy = BFCC6F4C143795D0008C60EF /* PBXContainerItemProxy */;
		};
/* End PBXTargetDependency section */

/* Begin PBXVariantGroup section */
		BFCC6F2A143795D0008C60EF /* InfoPlist.strings */ = {
			isa = PBXVariantGroup;
			children = (
				BFCC6F2B143795D0008C60EF /* en */,
			);
			name = InfoPlist.strings;
			sourceTree = "<group>";
		};
		BFCC6F37143795D0008C60EF /* MainWindow_iPhone.xib */ = {
			isa = PBXVariantGroup;
			children = (
				BFCC6F38143795D0008C60EF /* en */,
			);
			name = MainWindow_iPhone.xib;
			sourceTree = "<group>";
		};
		BFCC6F3E143795D0008C60EF /* MainWindow_iPad.xib */ = {
			isa = PBXVariantGroup;
			children = (
				BFCC6F3F143795D0008C60EF /* en */,
			);
			name = MainWindow_iPad.xib;
			sourceTree = "<group>";
		};
		BFCC6F51143795D0008C60EF /* InfoPlist.strings */ = {
			isa = PBXVariantGroup;
			children = (
				BFCC6F52143795D0008C60EF /* en */,
			);
			name = InfoPlist.strings;
			sourceTree = "<group>";
		};
/* End PBXVariantGroup section */

/* Begin XCBuildConfiguration section */
		BFCC6F58143795D0008C60EF /* Debug */ = {
			isa = XCBuildConfiguration;
			buildSettings = {
				ALWAYS_SEARCH_USER_PATHS = NO;
				ARCHS = "$(ARCHS_STANDARD_32_BIT)";
				"CODE_SIGN_IDENTITY[sdk=iphoneos*]" = "iPhone Developer";
				COPY_PHASE_STRIP = NO;
				GCC_C_LANGUAGE_STANDARD = gnu99;
				GCC_DYNAMIC_NO_PIC = NO;
				GCC_OPTIMIZATION_LEVEL = 0;
				GCC_PREPROCESSOR_DEFINITIONS = (
					"DEBUG=1",
					"$(inherited)",
				);
				GCC_SYMBOLS_PRIVATE_EXTERN = NO;
				GCC_VERSION = com.apple.compilers.llvmgcc42;
				GCC_WARN_ABOUT_MISSING_PROTOTYPES = YES;
				GCC_WARN_ABOUT_RETURN_TYPE = YES;
				GCC_WARN_UNUSED_VARIABLE = YES;
				IPHONEOS_DEPLOYMENT_TARGET = 4.3;
				SDKROOT = iphoneos;
				TARGETED_DEVICE_FAMILY = "1,2";
			};
			name = Debug;
		};
		BFCC6F59143795D0008C60EF /* Release */ = {
			isa = XCBuildConfiguration;
			buildSettings = {
				ALWAYS_SEARCH_USER_PATHS = NO;
				ARCHS = "$(ARCHS_STANDARD_32_BIT)";
				"CODE_SIGN_IDENTITY[sdk=iphoneos*]" = "iPhone Developer";
				COPY_PHASE_STRIP = YES;
				GCC_C_LANGUAGE_STANDARD = gnu99;
				GCC_VERSION = com.apple.compilers.llvmgcc42;
				GCC_WARN_ABOUT_MISSING_PROTOTYPES = YES;
				GCC_WARN_ABOUT_RETURN_TYPE = YES;
				GCC_WARN_UNUSED_VARIABLE = YES;
				IPHONEOS_DEPLOYMENT_TARGET = 4.3;
				OTHER_CFLAGS = "-DNS_BLOCK_ASSERTIONS=1";
				SDKROOT = iphoneos;
				TARGETED_DEVICE_FAMILY = "1,2";
				VALIDATE_PRODUCT = YES;
			};
			name = Release;
		};
		BFCC6F5B143795D0008C60EF /* Debug */ = {
			isa = XCBuildConfiguration;
			buildSettings = {
				GCC_PRECOMPILE_PREFIX_HEADER = YES;
				GCC_PREFIX_HEADER = "SingMeToSleep/SingMeToSleep-Prefix.pch";
				INFOPLIST_FILE = "SingMeToSleep/SingMeToSleep-Info.plist";
				PRODUCT_NAME = "$(TARGET_NAME)";
				WRAPPER_EXTENSION = app;
			};
			name = Debug;
		};
		BFCC6F5C143795D0008C60EF /* Release */ = {
			isa = XCBuildConfiguration;
			buildSettings = {
				GCC_PRECOMPILE_PREFIX_HEADER = YES;
				GCC_PREFIX_HEADER = "SingMeToSleep/SingMeToSleep-Prefix.pch";
				INFOPLIST_FILE = "SingMeToSleep/SingMeToSleep-Info.plist";
				PRODUCT_NAME = "$(TARGET_NAME)";
				WRAPPER_EXTENSION = app;
			};
			name = Release;
		};
		BFCC6F5E143795D0008C60EF /* Debug */ = {
			isa = XCBuildConfiguration;
			buildSettings = {
				BUNDLE_LOADER = "$(BUILT_PRODUCTS_DIR)/SingMeToSleep.app/SingMeToSleep";
				FRAMEWORK_SEARCH_PATHS = (
					"$(SDKROOT)/Developer/Library/Frameworks",
					"$(DEVELOPER_LIBRARY_DIR)/Frameworks",
				);
				GCC_PRECOMPILE_PREFIX_HEADER = YES;
				GCC_PREFIX_HEADER = "SingMeToSleep/SingMeToSleep-Prefix.pch";
				INFOPLIST_FILE = "SingMeToSleepTests/SingMeToSleepTests-Info.plist";
				PRODUCT_NAME = "$(TARGET_NAME)";
				TEST_HOST = "$(BUNDLE_LOADER)";
				WRAPPER_EXTENSION = octest;
			};
			name = Debug;
		};
		BFCC6F5F143795D0008C60EF /* Release */ = {
			isa = XCBuildConfiguration;
			buildSettings = {
				BUNDLE_LOADER = "$(BUILT_PRODUCTS_DIR)/SingMeToSleep.app/SingMeToSleep";
				FRAMEWORK_SEARCH_PATHS = (
					"$(SDKROOT)/Developer/Library/Frameworks",
					"$(DEVELOPER_LIBRARY_DIR)/Frameworks",
				);
				GCC_PRECOMPILE_PREFIX_HEADER = YES;
				GCC_PREFIX_HEADER = "SingMeToSleep/SingMeToSleep-Prefix.pch";
				INFOPLIST_FILE = "SingMeToSleepTests/SingMeToSleepTests-Info.plist";
				PRODUCT_NAME = "$(TARGET_NAME)";
				TEST_HOST = "$(BUNDLE_LOADER)";
				WRAPPER_EXTENSION = octest;
			};
			name = Release;
		};
/* End XCBuildConfiguration section */

/* Begin XCConfigurationList section */
		BFCC6F17143795CF008C60EF /* Build configuration list for PBXProject "SingMeToSleep" */ = {
			isa = XCConfigurationList;
			buildConfigurations = (
				BFCC6F58143795D0008C60EF /* Debug */,
				BFCC6F59143795D0008C60EF /* Release */,
			);
			defaultConfigurationIsVisible = 0;
			defaultConfigurationName = Release;
		};
		BFCC6F5A143795D0008C60EF /* Build configuration list for PBXNativeTarget "SingMeToSleep" */ = {
			isa = XCConfigurationList;
			buildConfigurations = (
				BFCC6F5B143795D0008C60EF /* Debug */,
				BFCC6F5C143795D0008C60EF /* Release */,
			);
			defaultConfigurationIsVisible = 0;
			defaultConfigurationName = Release;
		};
		BFCC6F5D143795D0008C60EF /* Build configuration list for PBXNativeTarget "SingMeToSleepTests" */ = {
			isa = XCConfigurationList;
			buildConfigurations = (
				BFCC6F5E143795D0008C60EF /* Debug */,
				BFCC6F5F143795D0008C60EF /* Release */,
			);
			defaultConfigurationIsVisible = 0;
			defaultConfigurationName = Release;
		};
/* End XCConfigurationList section */
	};
	rootObject = BFCC6F14143795CF008C60EF /* Project object */;
}
